// !$*UTF8*$!
{
	archiveVersion = 1;
	classes = {
	};
	objectVersion = 55;
	objects = {

/* Begin PBXBuildFile section */
		CA03A80428344F6700921CEA /* PlaidTransactionListResponse.swift in Sources */ = {isa = PBXBuildFile; fileRef = CA03A80328344F6700921CEA /* PlaidTransactionListResponse.swift */; };
		CA03A80628344F6F00921CEA /* PlaidTransactionResponse.swift in Sources */ = {isa = PBXBuildFile; fileRef = CA03A80528344F6F00921CEA /* PlaidTransactionResponse.swift */; };
		CA03A8092834553600921CEA /* HomeView.swift in Sources */ = {isa = PBXBuildFile; fileRef = CA03A8082834553600921CEA /* HomeView.swift */; };
		CA03A80C28356AAB00921CEA /* TransactionCardView.swift in Sources */ = {isa = PBXBuildFile; fileRef = CA03A80B28356AAB00921CEA /* TransactionCardView.swift */; };
		CA03A8142835992F00921CEA /* BaseResponse.swift in Sources */ = {isa = PBXBuildFile; fileRef = CA03A8132835992F00921CEA /* BaseResponse.swift */; };
		CA18EFC6280601A10048FB52 /* SwiftUIView.swift in Sources */ = {isa = PBXBuildFile; fileRef = CA18EFC5280601A10048FB52 /* SwiftUIView.swift */; };
		CA18EFC82806071A0048FB52 /* LoginView.swift in Sources */ = {isa = PBXBuildFile; fileRef = CA18EFC72806071A0048FB52 /* LoginView.swift */; };
		CA18EFCA280609280048FB52 /* BalanceCardView.swift in Sources */ = {isa = PBXBuildFile; fileRef = CA18EFC9280609280048FB52 /* BalanceCardView.swift */; };
		CA18EFCC28060A990048FB52 /* UserAccountBalanceModel.swift in Sources */ = {isa = PBXBuildFile; fileRef = CA18EFCB28060A990048FB52 /* UserAccountBalanceModel.swift */; };
		CA1912002800C4FA003E1126 /* ios_too_simpleApp.swift in Sources */ = {isa = PBXBuildFile; fileRef = CA1911FF2800C4FA003E1126 /* ios_too_simpleApp.swift */; };
		CA1912022800C4FA003E1126 /* ContentView.swift in Sources */ = {isa = PBXBuildFile; fileRef = CA1912012800C4FA003E1126 /* ContentView.swift */; };
		CA1912042800C4FB003E1126 /* Assets.xcassets in Resources */ = {isa = PBXBuildFile; fileRef = CA1912032800C4FB003E1126 /* Assets.xcassets */; };
		CA1912072800C4FB003E1126 /* Preview Assets.xcassets in Resources */ = {isa = PBXBuildFile; fileRef = CA1912062800C4FB003E1126 /* Preview Assets.xcassets */; };
		CA1912092800C4FB003E1126 /* Persistence.swift in Sources */ = {isa = PBXBuildFile; fileRef = CA1912082800C4FB003E1126 /* Persistence.swift */; };
		CA19120C2800C4FB003E1126 /* ios_too_simple.xcdatamodeld in Sources */ = {isa = PBXBuildFile; fileRef = CA19120A2800C4FB003E1126 /* ios_too_simple.xcdatamodeld */; };
		CA1912162800C4FB003E1126 /* ios_too_simpleTests.swift in Sources */ = {isa = PBXBuildFile; fileRef = CA1912152800C4FB003E1126 /* ios_too_simpleTests.swift */; };
		CA1912202800C4FB003E1126 /* ios_too_simpleUITests.swift in Sources */ = {isa = PBXBuildFile; fileRef = CA19121F2800C4FB003E1126 /* ios_too_simpleUITests.swift */; };
		CA1912222800C4FB003E1126 /* ios_too_simpleUITestsLaunchTests.swift in Sources */ = {isa = PBXBuildFile; fileRef = CA1912212800C4FB003E1126 /* ios_too_simpleUITestsLaunchTests.swift */; };
		CA1912392800D861003E1126 /* AuthService.swift in Sources */ = {isa = PBXBuildFile; fileRef = CA1912382800D861003E1126 /* AuthService.swift */; };
		CA19123D2800E140003E1126 /* LoginViewModel.swift in Sources */ = {isa = PBXBuildFile; fileRef = CA19123C2800E140003E1126 /* LoginViewModel.swift */; };
		CA212FE3284E5CD6008D74E7 /* TransferView.swift in Sources */ = {isa = PBXBuildFile; fileRef = CA212FE2284E5CD6008D74E7 /* TransferView.swift */; };
		CA212FE6284E6195008D74E7 /* CurrencyTextView.swift in Sources */ = {isa = PBXBuildFile; fileRef = CA212FE5284E6195008D74E7 /* CurrencyTextView.swift */; };
		CA4038702820389D0086E88D /* GoalViewModel.swift in Sources */ = {isa = PBXBuildFile; fileRef = CA40386F2820389D0086E88D /* GoalViewModel.swift */; };
		CA40387328203BF00086E88D /* GoalListResponse.swift in Sources */ = {isa = PBXBuildFile; fileRef = CA40387228203BF00086E88D /* GoalListResponse.swift */; };
		CA427B33283AC0EC00A08868 /* DateFormatter.swift in Sources */ = {isa = PBXBuildFile; fileRef = CA427B32283AC0EC00A08868 /* DateFormatter.swift */; };
		CA427B35283ADB6300A08868 /* TransactionDetailView.swift in Sources */ = {isa = PBXBuildFile; fileRef = CA427B34283ADB6300A08868 /* TransactionDetailView.swift */; };
		CA535B06285AA8ED00DEA841 /* TransfersViewModel.swift in Sources */ = {isa = PBXBuildFile; fileRef = CA535B05285AA8ED00DEA841 /* TransfersViewModel.swift */; };
		CA535B08285CF6D600DEA841 /* BudgetingService.swift in Sources */ = {isa = PBXBuildFile; fileRef = CA535B07285CF6D600DEA841 /* BudgetingService.swift */; };
		CA535B0B285D1B3500DEA841 /* AlertToast in Frameworks */ = {isa = PBXBuildFile; productRef = CA535B0A285D1B3500DEA841 /* AlertToast */; };
		CA62CD162838289800849D14 /* DashboardResponse.swift in Sources */ = {isa = PBXBuildFile; fileRef = CA62CD152838289800849D14 /* DashboardResponse.swift */; };
		CA77B288280749C700FBD367 /* GoalResponse.swift in Sources */ = {isa = PBXBuildFile; fileRef = CA77B287280749C700FBD367 /* GoalResponse.swift */; };
		CA7E2882282048610017D44E /* GoalsView.swift in Sources */ = {isa = PBXBuildFile; fileRef = CA7E2881282048610017D44E /* GoalsView.swift */; };
		CA7E2884282054BA0017D44E /* GoalDetailView.swift in Sources */ = {isa = PBXBuildFile; fileRef = CA7E2883282054BA0017D44E /* GoalDetailView.swift */; };
		CA7E2886282058890017D44E /* GoalCardView.swift in Sources */ = {isa = PBXBuildFile; fileRef = CA7E2885282058890017D44E /* GoalCardView.swift */; };
		CA7E288F28206DE20017D44E /* WidgetKit.framework in Frameworks */ = {isa = PBXBuildFile; fileRef = CA7E288E28206DE20017D44E /* WidgetKit.framework */; };
		CA7E289128206DE20017D44E /* SwiftUI.framework in Frameworks */ = {isa = PBXBuildFile; fileRef = CA7E289028206DE20017D44E /* SwiftUI.framework */; };
		CA7E289428206DE20017D44E /* ts_widget.swift in Sources */ = {isa = PBXBuildFile; fileRef = CA7E289328206DE20017D44E /* ts_widget.swift */; };
		CA7E289728206DE30017D44E /* Assets.xcassets in Resources */ = {isa = PBXBuildFile; fileRef = CA7E289628206DE30017D44E /* Assets.xcassets */; };
		CA7E289928206DE30017D44E /* ts_widget.intentdefinition in Sources */ = {isa = PBXBuildFile; fileRef = CA7E289528206DE20017D44E /* ts_widget.intentdefinition */; };
		CA7E289A28206DE30017D44E /* ts_widget.intentdefinition in Sources */ = {isa = PBXBuildFile; fileRef = CA7E289528206DE20017D44E /* ts_widget.intentdefinition */; };
		CA7E289D28206DE30017D44E /* ts-widgetExtension.appex in Embed App Extensions */ = {isa = PBXBuildFile; fileRef = CA7E288C28206DE20017D44E /* ts-widgetExtension.appex */; settings = {ATTRIBUTES = (RemoveHeadersOnCopy, ); }; };
		CA7E28A32820B3D00017D44E /* GoalEditView.swift in Sources */ = {isa = PBXBuildFile; fileRef = CA7E28A22820B3D00017D44E /* GoalEditView.swift */; };
		CAB4BE18282C2E2E0026301D /* AccountsView.swift in Sources */ = {isa = PBXBuildFile; fileRef = CAB4BE17282C2E2E0026301D /* AccountsView.swift */; };
		CAB4BE1A282C2ED00026301D /* PlaidAccountService.swift in Sources */ = {isa = PBXBuildFile; fileRef = CAB4BE19282C2ED00026301D /* PlaidAccountService.swift */; };
		CAB4BE1E282C3BAB0026301D /* PlaidAccountResponse.swift in Sources */ = {isa = PBXBuildFile; fileRef = CAB4BE1D282C3BAB0026301D /* PlaidAccountResponse.swift */; };
		CAB4BE20282C3BB60026301D /* PlaidAccountListResponse.swift in Sources */ = {isa = PBXBuildFile; fileRef = CAB4BE1F282C3BB60026301D /* PlaidAccountListResponse.swift */; };
		CAB4BE22282C3D180026301D /* PlaidAccountViewModel.swift in Sources */ = {isa = PBXBuildFile; fileRef = CAB4BE21282C3D180026301D /* PlaidAccountViewModel.swift */; };
		CAB4BE25282C4D580026301D /* LinkKit in Frameworks */ = {isa = PBXBuildFile; productRef = CAB4BE24282C4D580026301D /* LinkKit */; };
		CAD138DE280742DA000077B6 /* GoalService.swift in Sources */ = {isa = PBXBuildFile; fileRef = CAD138DD280742DA000077B6 /* GoalService.swift */; };
		CAD138E12807449B000077B6 /* JWTDecode in Frameworks */ = {isa = PBXBuildFile; productRef = CAD138E02807449B000077B6 /* JWTDecode */; };
/* End PBXBuildFile section */

/* Begin PBXContainerItemProxy section */
		CA1912122800C4FB003E1126 /* PBXContainerItemProxy */ = {
			isa = PBXContainerItemProxy;
			containerPortal = CA1911F42800C4FA003E1126 /* Project object */;
			proxyType = 1;
			remoteGlobalIDString = CA1911FB2800C4FA003E1126;
			remoteInfo = "ios-too-simple";
		};
		CA19121C2800C4FB003E1126 /* PBXContainerItemProxy */ = {
			isa = PBXContainerItemProxy;
			containerPortal = CA1911F42800C4FA003E1126 /* Project object */;
			proxyType = 1;
			remoteGlobalIDString = CA1911FB2800C4FA003E1126;
			remoteInfo = "ios-too-simple";
		};
		CA7E289B28206DE30017D44E /* PBXContainerItemProxy */ = {
			isa = PBXContainerItemProxy;
			containerPortal = CA1911F42800C4FA003E1126 /* Project object */;
			proxyType = 1;
			remoteGlobalIDString = CA7E288B28206DE20017D44E;
			remoteInfo = "ts-widgetExtension";
		};
/* End PBXContainerItemProxy section */

/* Begin PBXCopyFilesBuildPhase section */
		CA7E28A128206DE30017D44E /* Embed App Extensions */ = {
			isa = PBXCopyFilesBuildPhase;
			buildActionMask = 2147483647;
			dstPath = "";
			dstSubfolderSpec = 13;
			files = (
				CA7E289D28206DE30017D44E /* ts-widgetExtension.appex in Embed App Extensions */,
			);
			name = "Embed App Extensions";
			runOnlyForDeploymentPostprocessing = 0;
		};
/* End PBXCopyFilesBuildPhase section */

/* Begin PBXFileReference section */
		CA03A80328344F6700921CEA /* PlaidTransactionListResponse.swift */ = {isa = PBXFileReference; lastKnownFileType = sourcecode.swift; path = PlaidTransactionListResponse.swift; sourceTree = "<group>"; };
		CA03A80528344F6F00921CEA /* PlaidTransactionResponse.swift */ = {isa = PBXFileReference; lastKnownFileType = sourcecode.swift; path = PlaidTransactionResponse.swift; sourceTree = "<group>"; };
		CA03A8082834553600921CEA /* HomeView.swift */ = {isa = PBXFileReference; lastKnownFileType = sourcecode.swift; path = HomeView.swift; sourceTree = "<group>"; };
		CA03A80B28356AAB00921CEA /* TransactionCardView.swift */ = {isa = PBXFileReference; lastKnownFileType = sourcecode.swift; path = TransactionCardView.swift; sourceTree = "<group>"; };
		CA03A8132835992F00921CEA /* BaseResponse.swift */ = {isa = PBXFileReference; lastKnownFileType = sourcecode.swift; path = BaseResponse.swift; sourceTree = "<group>"; };
		CA18EFC5280601A10048FB52 /* SwiftUIView.swift */ = {isa = PBXFileReference; lastKnownFileType = sourcecode.swift; path = SwiftUIView.swift; sourceTree = "<group>"; };
		CA18EFC72806071A0048FB52 /* LoginView.swift */ = {isa = PBXFileReference; lastKnownFileType = sourcecode.swift; path = LoginView.swift; sourceTree = "<group>"; };
		CA18EFC9280609280048FB52 /* BalanceCardView.swift */ = {isa = PBXFileReference; lastKnownFileType = sourcecode.swift; path = BalanceCardView.swift; sourceTree = "<group>"; };
		CA18EFCB28060A990048FB52 /* UserAccountBalanceModel.swift */ = {isa = PBXFileReference; lastKnownFileType = sourcecode.swift; path = UserAccountBalanceModel.swift; sourceTree = "<group>"; };
		CA1911FC2800C4FA003E1126 /* ios-too-simple.app */ = {isa = PBXFileReference; explicitFileType = wrapper.application; includeInIndex = 0; path = "ios-too-simple.app"; sourceTree = BUILT_PRODUCTS_DIR; };
		CA1911FF2800C4FA003E1126 /* ios_too_simpleApp.swift */ = {isa = PBXFileReference; lastKnownFileType = sourcecode.swift; path = ios_too_simpleApp.swift; sourceTree = "<group>"; };
		CA1912012800C4FA003E1126 /* ContentView.swift */ = {isa = PBXFileReference; lastKnownFileType = sourcecode.swift; path = ContentView.swift; sourceTree = "<group>"; };
		CA1912032800C4FB003E1126 /* Assets.xcassets */ = {isa = PBXFileReference; lastKnownFileType = folder.assetcatalog; path = Assets.xcassets; sourceTree = "<group>"; };
		CA1912062800C4FB003E1126 /* Preview Assets.xcassets */ = {isa = PBXFileReference; lastKnownFileType = folder.assetcatalog; path = "Preview Assets.xcassets"; sourceTree = "<group>"; };
		CA1912082800C4FB003E1126 /* Persistence.swift */ = {isa = PBXFileReference; lastKnownFileType = sourcecode.swift; path = Persistence.swift; sourceTree = "<group>"; };
		CA19120B2800C4FB003E1126 /* ios_too_simple.xcdatamodel */ = {isa = PBXFileReference; lastKnownFileType = wrapper.xcdatamodel; path = ios_too_simple.xcdatamodel; sourceTree = "<group>"; };
		CA1912112800C4FB003E1126 /* ios-too-simpleTests.xctest */ = {isa = PBXFileReference; explicitFileType = wrapper.cfbundle; includeInIndex = 0; path = "ios-too-simpleTests.xctest"; sourceTree = BUILT_PRODUCTS_DIR; };
		CA1912152800C4FB003E1126 /* ios_too_simpleTests.swift */ = {isa = PBXFileReference; lastKnownFileType = sourcecode.swift; path = ios_too_simpleTests.swift; sourceTree = "<group>"; };
		CA19121B2800C4FB003E1126 /* ios-too-simpleUITests.xctest */ = {isa = PBXFileReference; explicitFileType = wrapper.cfbundle; includeInIndex = 0; path = "ios-too-simpleUITests.xctest"; sourceTree = BUILT_PRODUCTS_DIR; };
		CA19121F2800C4FB003E1126 /* ios_too_simpleUITests.swift */ = {isa = PBXFileReference; lastKnownFileType = sourcecode.swift; path = ios_too_simpleUITests.swift; sourceTree = "<group>"; };
		CA1912212800C4FB003E1126 /* ios_too_simpleUITestsLaunchTests.swift */ = {isa = PBXFileReference; lastKnownFileType = sourcecode.swift; path = ios_too_simpleUITestsLaunchTests.swift; sourceTree = "<group>"; };
		CA1912382800D861003E1126 /* AuthService.swift */ = {isa = PBXFileReference; lastKnownFileType = sourcecode.swift; path = AuthService.swift; sourceTree = "<group>"; };
		CA19123A2800DEF9003E1126 /* Info.plist */ = {isa = PBXFileReference; lastKnownFileType = text.plist; path = Info.plist; sourceTree = "<group>"; };
		CA19123C2800E140003E1126 /* LoginViewModel.swift */ = {isa = PBXFileReference; lastKnownFileType = sourcecode.swift; path = LoginViewModel.swift; sourceTree = "<group>"; };
		CA212FE2284E5CD6008D74E7 /* TransferView.swift */ = {isa = PBXFileReference; lastKnownFileType = sourcecode.swift; path = TransferView.swift; sourceTree = "<group>"; };
		CA212FE5284E6195008D74E7 /* CurrencyTextView.swift */ = {isa = PBXFileReference; lastKnownFileType = sourcecode.swift; path = CurrencyTextView.swift; sourceTree = "<group>"; };
		CA40386F2820389D0086E88D /* GoalViewModel.swift */ = {isa = PBXFileReference; lastKnownFileType = sourcecode.swift; path = GoalViewModel.swift; sourceTree = "<group>"; };
		CA40387228203BF00086E88D /* GoalListResponse.swift */ = {isa = PBXFileReference; lastKnownFileType = sourcecode.swift; path = GoalListResponse.swift; sourceTree = "<group>"; };
		CA427B32283AC0EC00A08868 /* DateFormatter.swift */ = {isa = PBXFileReference; lastKnownFileType = sourcecode.swift; path = DateFormatter.swift; sourceTree = "<group>"; };
		CA427B34283ADB6300A08868 /* TransactionDetailView.swift */ = {isa = PBXFileReference; lastKnownFileType = sourcecode.swift; path = TransactionDetailView.swift; sourceTree = "<group>"; };
		CA535B05285AA8ED00DEA841 /* TransfersViewModel.swift */ = {isa = PBXFileReference; lastKnownFileType = sourcecode.swift; path = TransfersViewModel.swift; sourceTree = "<group>"; };
		CA535B07285CF6D600DEA841 /* BudgetingService.swift */ = {isa = PBXFileReference; lastKnownFileType = sourcecode.swift; path = BudgetingService.swift; sourceTree = "<group>"; };
		CA62CD152838289800849D14 /* DashboardResponse.swift */ = {isa = PBXFileReference; lastKnownFileType = sourcecode.swift; path = DashboardResponse.swift; sourceTree = "<group>"; };
		CA77B287280749C700FBD367 /* GoalResponse.swift */ = {isa = PBXFileReference; lastKnownFileType = sourcecode.swift; path = GoalResponse.swift; sourceTree = "<group>"; };
		CA7E2881282048610017D44E /* GoalsView.swift */ = {isa = PBXFileReference; lastKnownFileType = sourcecode.swift; path = GoalsView.swift; sourceTree = "<group>"; };
		CA7E2883282054BA0017D44E /* GoalDetailView.swift */ = {isa = PBXFileReference; lastKnownFileType = sourcecode.swift; path = GoalDetailView.swift; sourceTree = "<group>"; };
		CA7E2885282058890017D44E /* GoalCardView.swift */ = {isa = PBXFileReference; lastKnownFileType = sourcecode.swift; path = GoalCardView.swift; sourceTree = "<group>"; };
		CA7E288C28206DE20017D44E /* ts-widgetExtension.appex */ = {isa = PBXFileReference; explicitFileType = "wrapper.app-extension"; includeInIndex = 0; path = "ts-widgetExtension.appex"; sourceTree = BUILT_PRODUCTS_DIR; };
		CA7E288E28206DE20017D44E /* WidgetKit.framework */ = {isa = PBXFileReference; lastKnownFileType = wrapper.framework; name = WidgetKit.framework; path = System/Library/Frameworks/WidgetKit.framework; sourceTree = SDKROOT; };
		CA7E289028206DE20017D44E /* SwiftUI.framework */ = {isa = PBXFileReference; lastKnownFileType = wrapper.framework; name = SwiftUI.framework; path = System/Library/Frameworks/SwiftUI.framework; sourceTree = SDKROOT; };
		CA7E289328206DE20017D44E /* ts_widget.swift */ = {isa = PBXFileReference; lastKnownFileType = sourcecode.swift; path = ts_widget.swift; sourceTree = "<group>"; };
		CA7E289528206DE20017D44E /* ts_widget.intentdefinition */ = {isa = PBXFileReference; lastKnownFileType = file.intentdefinition; path = ts_widget.intentdefinition; sourceTree = "<group>"; };
		CA7E289628206DE30017D44E /* Assets.xcassets */ = {isa = PBXFileReference; lastKnownFileType = folder.assetcatalog; path = Assets.xcassets; sourceTree = "<group>"; };
		CA7E289828206DE30017D44E /* Info.plist */ = {isa = PBXFileReference; lastKnownFileType = text.plist.xml; path = Info.plist; sourceTree = "<group>"; };
		CA7E28A22820B3D00017D44E /* GoalEditView.swift */ = {isa = PBXFileReference; lastKnownFileType = sourcecode.swift; path = GoalEditView.swift; sourceTree = "<group>"; };
		CAB4BE17282C2E2E0026301D /* AccountsView.swift */ = {isa = PBXFileReference; lastKnownFileType = sourcecode.swift; path = AccountsView.swift; sourceTree = "<group>"; };
		CAB4BE19282C2ED00026301D /* PlaidAccountService.swift */ = {isa = PBXFileReference; lastKnownFileType = sourcecode.swift; path = PlaidAccountService.swift; sourceTree = "<group>"; };
		CAB4BE1D282C3BAB0026301D /* PlaidAccountResponse.swift */ = {isa = PBXFileReference; lastKnownFileType = sourcecode.swift; path = PlaidAccountResponse.swift; sourceTree = "<group>"; };
		CAB4BE1F282C3BB60026301D /* PlaidAccountListResponse.swift */ = {isa = PBXFileReference; lastKnownFileType = sourcecode.swift; path = PlaidAccountListResponse.swift; sourceTree = "<group>"; };
		CAB4BE21282C3D180026301D /* PlaidAccountViewModel.swift */ = {isa = PBXFileReference; lastKnownFileType = sourcecode.swift; path = PlaidAccountViewModel.swift; sourceTree = "<group>"; };
		CAD138DD280742DA000077B6 /* GoalService.swift */ = {isa = PBXFileReference; lastKnownFileType = sourcecode.swift; path = GoalService.swift; sourceTree = "<group>"; };
/* End PBXFileReference section */

/* Begin PBXFrameworksBuildPhase section */
		CA1911F92800C4FA003E1126 /* Frameworks */ = {
			isa = PBXFrameworksBuildPhase;
			buildActionMask = 2147483647;
			files = (
				CA535B0B285D1B3500DEA841 /* AlertToast in Frameworks */,
				CAD138E12807449B000077B6 /* JWTDecode in Frameworks */,
				CAB4BE25282C4D580026301D /* LinkKit in Frameworks */,
			);
			runOnlyForDeploymentPostprocessing = 0;
		};
		CA19120E2800C4FB003E1126 /* Frameworks */ = {
			isa = PBXFrameworksBuildPhase;
			buildActionMask = 2147483647;
			files = (
			);
			runOnlyForDeploymentPostprocessing = 0;
		};
		CA1912182800C4FB003E1126 /* Frameworks */ = {
			isa = PBXFrameworksBuildPhase;
			buildActionMask = 2147483647;
			files = (
			);
			runOnlyForDeploymentPostprocessing = 0;
		};
		CA7E288928206DE20017D44E /* Frameworks */ = {
			isa = PBXFrameworksBuildPhase;
			buildActionMask = 2147483647;
			files = (
				CA7E289128206DE20017D44E /* SwiftUI.framework in Frameworks */,
				CA7E288F28206DE20017D44E /* WidgetKit.framework in Frameworks */,
			);
			runOnlyForDeploymentPostprocessing = 0;
		};
/* End PBXFrameworksBuildPhase section */

/* Begin PBXGroup section */
		CA03A80228344F5500921CEA /* PlaidTransactions */ = {
			isa = PBXGroup;
			children = (
				CA03A80328344F6700921CEA /* PlaidTransactionListResponse.swift */,
				CA03A80528344F6F00921CEA /* PlaidTransactionResponse.swift */,
			);
			path = PlaidTransactions;
			sourceTree = "<group>";
		};
		CA03A807283454CB00921CEA /* Home */ = {
			isa = PBXGroup;
			children = (
				CA03A8082834553600921CEA /* HomeView.swift */,
			);
			path = Home;
			sourceTree = "<group>";
		};
		CA03A80A28356A8F00921CEA /* Transactions */ = {
			isa = PBXGroup;
			children = (
				CA03A80B28356AAB00921CEA /* TransactionCardView.swift */,
				CA427B34283ADB6300A08868 /* TransactionDetailView.swift */,
			);
			path = Transactions;
			sourceTree = "<group>";
		};
		CA03A8122835992700921CEA /* Shared */ = {
			isa = PBXGroup;
			children = (
				CA03A8132835992F00921CEA /* BaseResponse.swift */,
			);
			path = Shared;
			sourceTree = "<group>";
		};
		CA1911F32800C4FA003E1126 = {
			isa = PBXGroup;
			children = (
				CA1911FE2800C4FA003E1126 /* ios-too-simple */,
				CA1912142800C4FB003E1126 /* ios-too-simpleTests */,
				CA19121E2800C4FB003E1126 /* ios-too-simpleUITests */,
				CA7E289228206DE20017D44E /* ts-widget */,
				CA7E288D28206DE20017D44E /* Frameworks */,
				CA1911FD2800C4FA003E1126 /* Products */,
			);
			sourceTree = "<group>";
		};
		CA1911FD2800C4FA003E1126 /* Products */ = {
			isa = PBXGroup;
			children = (
				CA1911FC2800C4FA003E1126 /* ios-too-simple.app */,
				CA1912112800C4FB003E1126 /* ios-too-simpleTests.xctest */,
				CA19121B2800C4FB003E1126 /* ios-too-simpleUITests.xctest */,
				CA7E288C28206DE20017D44E /* ts-widgetExtension.appex */,
			);
			name = Products;
			sourceTree = "<group>";
		};
		CA1911FE2800C4FA003E1126 /* ios-too-simple */ = {
			isa = PBXGroup;
			children = (
				CA427B31283AC0DE00A08868 /* Extensions */,
				CA40386E282031B20086E88D /* Views */,
				CA19123B2800E134003E1126 /* Models */,
				CA19123A2800DEF9003E1126 /* Info.plist */,
				CA1912372800D849003E1126 /* Services */,
				CA1911FF2800C4FA003E1126 /* ios_too_simpleApp.swift */,
				CA1912012800C4FA003E1126 /* ContentView.swift */,
				CA1912032800C4FB003E1126 /* Assets.xcassets */,
				CA1912082800C4FB003E1126 /* Persistence.swift */,
				CA19120A2800C4FB003E1126 /* ios_too_simple.xcdatamodeld */,
				CA1912052800C4FB003E1126 /* Preview Content */,
				CA18EFC5280601A10048FB52 /* SwiftUIView.swift */,
				CA18EFC9280609280048FB52 /* BalanceCardView.swift */,
			);
			path = "ios-too-simple";
			sourceTree = "<group>";
		};
		CA1912052800C4FB003E1126 /* Preview Content */ = {
			isa = PBXGroup;
			children = (
				CA1912062800C4FB003E1126 /* Preview Assets.xcassets */,
			);
			path = "Preview Content";
			sourceTree = "<group>";
		};
		CA1912142800C4FB003E1126 /* ios-too-simpleTests */ = {
			isa = PBXGroup;
			children = (
				CA1912152800C4FB003E1126 /* ios_too_simpleTests.swift */,
			);
			path = "ios-too-simpleTests";
			sourceTree = "<group>";
		};
		CA19121E2800C4FB003E1126 /* ios-too-simpleUITests */ = {
			isa = PBXGroup;
			children = (
				CA19121F2800C4FB003E1126 /* ios_too_simpleUITests.swift */,
				CA1912212800C4FB003E1126 /* ios_too_simpleUITestsLaunchTests.swift */,
			);
			path = "ios-too-simpleUITests";
			sourceTree = "<group>";
		};
		CA1912372800D849003E1126 /* Services */ = {
			isa = PBXGroup;
			children = (
				CA1912382800D861003E1126 /* AuthService.swift */,
				CAD138DD280742DA000077B6 /* GoalService.swift */,
				CAB4BE19282C2ED00026301D /* PlaidAccountService.swift */,
				CA535B07285CF6D600DEA841 /* BudgetingService.swift */,
			);
			path = Services;
			sourceTree = "<group>";
		};
		CA19123B2800E134003E1126 /* Models */ = {
			isa = PBXGroup;
			children = (
				CA40387128203BE00086E88D /* ResponseModels */,
				CA19123C2800E140003E1126 /* LoginViewModel.swift */,
				CA18EFCB28060A990048FB52 /* UserAccountBalanceModel.swift */,
				CA40386F2820389D0086E88D /* GoalViewModel.swift */,
				CAB4BE21282C3D180026301D /* PlaidAccountViewModel.swift */,
				CA535B05285AA8ED00DEA841 /* TransfersViewModel.swift */,
			);
			path = Models;
			sourceTree = "<group>";
		};
		CA212FE4284E617A008D74E7 /* Shared */ = {
			isa = PBXGroup;
			children = (
				CA212FE5284E6195008D74E7 /* CurrencyTextView.swift */,
			);
			path = Shared;
			sourceTree = "<group>";
		};
		CA40386E282031B20086E88D /* Views */ = {
			isa = PBXGroup;
			children = (
				CA212FE4284E617A008D74E7 /* Shared */,
				CA03A80A28356A8F00921CEA /* Transactions */,
				CA03A807283454CB00921CEA /* Home */,
				CAB4BE16282C2E150026301D /* Accounts */,
				CA18EFC72806071A0048FB52 /* LoginView.swift */,
				CA7E28872820588F0017D44E /* Goals */,
				CA212FE2284E5CD6008D74E7 /* TransferView.swift */,
			);
			path = Views;
			sourceTree = "<group>";
		};
		CA40387128203BE00086E88D /* ResponseModels */ = {
			isa = PBXGroup;
			children = (
				CA62CD142838288A00849D14 /* Dashboard */,
				CA03A8122835992700921CEA /* Shared */,
				CA03A80228344F5500921CEA /* PlaidTransactions */,
				CAB4BE1C282C3B9B0026301D /* PlaidAccounts */,
				CAB4BE1B282C3B930026301D /* Goals */,
			);
			path = ResponseModels;
			sourceTree = "<group>";
		};
		CA427B31283AC0DE00A08868 /* Extensions */ = {
			isa = PBXGroup;
			children = (
				CA427B32283AC0EC00A08868 /* DateFormatter.swift */,
			);
			path = Extensions;
			sourceTree = "<group>";
		};
		CA62CD142838288A00849D14 /* Dashboard */ = {
			isa = PBXGroup;
			children = (
				CA62CD152838289800849D14 /* DashboardResponse.swift */,
			);
			path = Dashboard;
			sourceTree = "<group>";
		};
		CA7E28872820588F0017D44E /* Goals */ = {
			isa = PBXGroup;
			children = (
				CA7E2885282058890017D44E /* GoalCardView.swift */,
				CA7E2883282054BA0017D44E /* GoalDetailView.swift */,
				CA7E2881282048610017D44E /* GoalsView.swift */,
				CA7E28A22820B3D00017D44E /* GoalEditView.swift */,
			);
			path = Goals;
			sourceTree = "<group>";
		};
		CA7E288D28206DE20017D44E /* Frameworks */ = {
			isa = PBXGroup;
			children = (
				CA7E288E28206DE20017D44E /* WidgetKit.framework */,
				CA7E289028206DE20017D44E /* SwiftUI.framework */,
			);
			name = Frameworks;
			sourceTree = "<group>";
		};
		CA7E289228206DE20017D44E /* ts-widget */ = {
			isa = PBXGroup;
			children = (
				CA7E289328206DE20017D44E /* ts_widget.swift */,
				CA7E289528206DE20017D44E /* ts_widget.intentdefinition */,
				CA7E289628206DE30017D44E /* Assets.xcassets */,
				CA7E289828206DE30017D44E /* Info.plist */,
			);
			path = "ts-widget";
			sourceTree = "<group>";
		};
		CAB4BE16282C2E150026301D /* Accounts */ = {
			isa = PBXGroup;
			children = (
				CAB4BE17282C2E2E0026301D /* AccountsView.swift */,
			);
			path = Accounts;
			sourceTree = "<group>";
		};
		CAB4BE1B282C3B930026301D /* Goals */ = {
			isa = PBXGroup;
			children = (
				CA77B287280749C700FBD367 /* GoalResponse.swift */,
				CA40387228203BF00086E88D /* GoalListResponse.swift */,
			);
			path = Goals;
			sourceTree = "<group>";
		};
		CAB4BE1C282C3B9B0026301D /* PlaidAccounts */ = {
			isa = PBXGroup;
			children = (
				CAB4BE1D282C3BAB0026301D /* PlaidAccountResponse.swift */,
				CAB4BE1F282C3BB60026301D /* PlaidAccountListResponse.swift */,
			);
			path = PlaidAccounts;
			sourceTree = "<group>";
		};
/* End PBXGroup section */

/* Begin PBXNativeTarget section */
		CA1911FB2800C4FA003E1126 /* ios-too-simple */ = {
			isa = PBXNativeTarget;
			buildConfigurationList = CA1912252800C4FB003E1126 /* Build configuration list for PBXNativeTarget "ios-too-simple" */;
			buildPhases = (
				CA1911F82800C4FA003E1126 /* Sources */,
				CA1911F92800C4FA003E1126 /* Frameworks */,
				CA1911FA2800C4FA003E1126 /* Resources */,
				CA7E28A128206DE30017D44E /* Embed App Extensions */,
			);
			buildRules = (
			);
			dependencies = (
				CA7E289C28206DE30017D44E /* PBXTargetDependency */,
			);
			name = "ios-too-simple";
			packageProductDependencies = (
				CAD138E02807449B000077B6 /* JWTDecode */,
				CAB4BE24282C4D580026301D /* LinkKit */,
				CA535B0A285D1B3500DEA841 /* AlertToast */,
			);
			productName = "ios-too-simple";
			productReference = CA1911FC2800C4FA003E1126 /* ios-too-simple.app */;
			productType = "com.apple.product-type.application";
		};
		CA1912102800C4FB003E1126 /* ios-too-simpleTests */ = {
			isa = PBXNativeTarget;
			buildConfigurationList = CA1912282800C4FB003E1126 /* Build configuration list for PBXNativeTarget "ios-too-simpleTests" */;
			buildPhases = (
				CA19120D2800C4FB003E1126 /* Sources */,
				CA19120E2800C4FB003E1126 /* Frameworks */,
				CA19120F2800C4FB003E1126 /* Resources */,
			);
			buildRules = (
			);
			dependencies = (
				CA1912132800C4FB003E1126 /* PBXTargetDependency */,
			);
			name = "ios-too-simpleTests";
			productName = "ios-too-simpleTests";
			productReference = CA1912112800C4FB003E1126 /* ios-too-simpleTests.xctest */;
			productType = "com.apple.product-type.bundle.unit-test";
		};
		CA19121A2800C4FB003E1126 /* ios-too-simpleUITests */ = {
			isa = PBXNativeTarget;
			buildConfigurationList = CA19122B2800C4FB003E1126 /* Build configuration list for PBXNativeTarget "ios-too-simpleUITests" */;
			buildPhases = (
				CA1912172800C4FB003E1126 /* Sources */,
				CA1912182800C4FB003E1126 /* Frameworks */,
				CA1912192800C4FB003E1126 /* Resources */,
			);
			buildRules = (
			);
			dependencies = (
				CA19121D2800C4FB003E1126 /* PBXTargetDependency */,
			);
			name = "ios-too-simpleUITests";
			productName = "ios-too-simpleUITests";
			productReference = CA19121B2800C4FB003E1126 /* ios-too-simpleUITests.xctest */;
			productType = "com.apple.product-type.bundle.ui-testing";
		};
		CA7E288B28206DE20017D44E /* ts-widgetExtension */ = {
			isa = PBXNativeTarget;
			buildConfigurationList = CA7E289E28206DE30017D44E /* Build configuration list for PBXNativeTarget "ts-widgetExtension" */;
			buildPhases = (
				CA7E288828206DE20017D44E /* Sources */,
				CA7E288928206DE20017D44E /* Frameworks */,
				CA7E288A28206DE20017D44E /* Resources */,
			);
			buildRules = (
			);
			dependencies = (
			);
			name = "ts-widgetExtension";
			productName = "ts-widgetExtension";
			productReference = CA7E288C28206DE20017D44E /* ts-widgetExtension.appex */;
			productType = "com.apple.product-type.app-extension";
		};
/* End PBXNativeTarget section */

/* Begin PBXProject section */
		CA1911F42800C4FA003E1126 /* Project object */ = {
			isa = PBXProject;
			attributes = {
				BuildIndependentTargetsInParallel = 1;
				LastSwiftUpdateCheck = 1330;
				LastUpgradeCheck = 1330;
				TargetAttributes = {
					CA1911FB2800C4FA003E1126 = {
						CreatedOnToolsVersion = 13.3;
					};
					CA1912102800C4FB003E1126 = {
						CreatedOnToolsVersion = 13.3;
						TestTargetID = CA1911FB2800C4FA003E1126;
					};
					CA19121A2800C4FB003E1126 = {
						CreatedOnToolsVersion = 13.3;
						TestTargetID = CA1911FB2800C4FA003E1126;
					};
					CA7E288B28206DE20017D44E = {
						CreatedOnToolsVersion = 13.3.1;
					};
				};
			};
			buildConfigurationList = CA1911F72800C4FA003E1126 /* Build configuration list for PBXProject "ios-too-simple" */;
			compatibilityVersion = "Xcode 13.0";
			developmentRegion = en;
			hasScannedForEncodings = 0;
			knownRegions = (
				en,
				Base,
			);
			mainGroup = CA1911F32800C4FA003E1126;
			packageReferences = (
				CAD138DF2807449B000077B6 /* XCRemoteSwiftPackageReference "JWTDecode.swift" */,
				CAB4BE23282C4D580026301D /* XCRemoteSwiftPackageReference "plaid-link-ios" */,
				CA535B09285D1B3500DEA841 /* XCRemoteSwiftPackageReference "AlertToast" */,
			);
			productRefGroup = CA1911FD2800C4FA003E1126 /* Products */;
			projectDirPath = "";
			projectRoot = "";
			targets = (
				CA1911FB2800C4FA003E1126 /* ios-too-simple */,
				CA1912102800C4FB003E1126 /* ios-too-simpleTests */,
				CA19121A2800C4FB003E1126 /* ios-too-simpleUITests */,
				CA7E288B28206DE20017D44E /* ts-widgetExtension */,
			);
		};
/* End PBXProject section */

/* Begin PBXResourcesBuildPhase section */
		CA1911FA2800C4FA003E1126 /* Resources */ = {
			isa = PBXResourcesBuildPhase;
			buildActionMask = 2147483647;
			files = (
				CA1912072800C4FB003E1126 /* Preview Assets.xcassets in Resources */,
				CA1912042800C4FB003E1126 /* Assets.xcassets in Resources */,
			);
			runOnlyForDeploymentPostprocessing = 0;
		};
		CA19120F2800C4FB003E1126 /* Resources */ = {
			isa = PBXResourcesBuildPhase;
			buildActionMask = 2147483647;
			files = (
			);
			runOnlyForDeploymentPostprocessing = 0;
		};
		CA1912192800C4FB003E1126 /* Resources */ = {
			isa = PBXResourcesBuildPhase;
			buildActionMask = 2147483647;
			files = (
			);
			runOnlyForDeploymentPostprocessing = 0;
		};
		CA7E288A28206DE20017D44E /* Resources */ = {
			isa = PBXResourcesBuildPhase;
			buildActionMask = 2147483647;
			files = (
				CA7E289728206DE30017D44E /* Assets.xcassets in Resources */,
			);
			runOnlyForDeploymentPostprocessing = 0;
		};
/* End PBXResourcesBuildPhase section */

/* Begin PBXSourcesBuildPhase section */
		CA1911F82800C4FA003E1126 /* Sources */ = {
			isa = PBXSourcesBuildPhase;
			buildActionMask = 2147483647;
			files = (
				CA03A8092834553600921CEA /* HomeView.swift in Sources */,
				CAB4BE18282C2E2E0026301D /* AccountsView.swift in Sources */,
				CA7E2884282054BA0017D44E /* GoalDetailView.swift in Sources */,
				CA19120C2800C4FB003E1126 /* ios_too_simple.xcdatamodeld in Sources */,
				CA18EFC6280601A10048FB52 /* SwiftUIView.swift in Sources */,
				CA1912092800C4FB003E1126 /* Persistence.swift in Sources */,
				CAD138DE280742DA000077B6 /* GoalService.swift in Sources */,
				CA77B288280749C700FBD367 /* GoalResponse.swift in Sources */,
				CA535B06285AA8ED00DEA841 /* TransfersViewModel.swift in Sources */,
				CA19123D2800E140003E1126 /* LoginViewModel.swift in Sources */,
				CA7E28A32820B3D00017D44E /* GoalEditView.swift in Sources */,
				CA212FE3284E5CD6008D74E7 /* TransferView.swift in Sources */,
				CA427B35283ADB6300A08868 /* TransactionDetailView.swift in Sources */,
				CAB4BE22282C3D180026301D /* PlaidAccountViewModel.swift in Sources */,
				CA03A8142835992F00921CEA /* BaseResponse.swift in Sources */,
				CA7E2886282058890017D44E /* GoalCardView.swift in Sources */,
				CA7E2882282048610017D44E /* GoalsView.swift in Sources */,
				CA1912392800D861003E1126 /* AuthService.swift in Sources */,
				CA40387328203BF00086E88D /* GoalListResponse.swift in Sources */,
				CA03A80C28356AAB00921CEA /* TransactionCardView.swift in Sources */,
				CA03A80628344F6F00921CEA /* PlaidTransactionResponse.swift in Sources */,
				CAB4BE1E282C3BAB0026301D /* PlaidAccountResponse.swift in Sources */,
				CAB4BE20282C3BB60026301D /* PlaidAccountListResponse.swift in Sources */,
				CA18EFCC28060A990048FB52 /* UserAccountBalanceModel.swift in Sources */,
				CA427B33283AC0EC00A08868 /* DateFormatter.swift in Sources */,
				CA1912022800C4FA003E1126 /* ContentView.swift in Sources */,
				CA4038702820389D0086E88D /* GoalViewModel.swift in Sources */,
				CA62CD162838289800849D14 /* DashboardResponse.swift in Sources */,
				CA18EFCA280609280048FB52 /* BalanceCardView.swift in Sources */,
				CA7E289A28206DE30017D44E /* ts_widget.intentdefinition in Sources */,
				CAB4BE1A282C2ED00026301D /* PlaidAccountService.swift in Sources */,
				CA18EFC82806071A0048FB52 /* LoginView.swift in Sources */,
				CA03A80428344F6700921CEA /* PlaidTransactionListResponse.swift in Sources */,
				CA212FE6284E6195008D74E7 /* CurrencyTextView.swift in Sources */,
				CA1912002800C4FA003E1126 /* ios_too_simpleApp.swift in Sources */,
				CA535B08285CF6D600DEA841 /* BudgetingService.swift in Sources */,
			);
			runOnlyForDeploymentPostprocessing = 0;
		};
		CA19120D2800C4FB003E1126 /* Sources */ = {
			isa = PBXSourcesBuildPhase;
			buildActionMask = 2147483647;
			files = (
				CA1912162800C4FB003E1126 /* ios_too_simpleTests.swift in Sources */,
			);
			runOnlyForDeploymentPostprocessing = 0;
		};
		CA1912172800C4FB003E1126 /* Sources */ = {
			isa = PBXSourcesBuildPhase;
			buildActionMask = 2147483647;
			files = (
				CA1912202800C4FB003E1126 /* ios_too_simpleUITests.swift in Sources */,
				CA1912222800C4FB003E1126 /* ios_too_simpleUITestsLaunchTests.swift in Sources */,
			);
			runOnlyForDeploymentPostprocessing = 0;
		};
		CA7E288828206DE20017D44E /* Sources */ = {
			isa = PBXSourcesBuildPhase;
			buildActionMask = 2147483647;
			files = (
				CA7E289428206DE20017D44E /* ts_widget.swift in Sources */,
				CA7E289928206DE30017D44E /* ts_widget.intentdefinition in Sources */,
			);
			runOnlyForDeploymentPostprocessing = 0;
		};
/* End PBXSourcesBuildPhase section */

/* Begin PBXTargetDependency section */
		CA1912132800C4FB003E1126 /* PBXTargetDependency */ = {
			isa = PBXTargetDependency;
			target = CA1911FB2800C4FA003E1126 /* ios-too-simple */;
			targetProxy = CA1912122800C4FB003E1126 /* PBXContainerItemProxy */;
		};
		CA19121D2800C4FB003E1126 /* PBXTargetDependency */ = {
			isa = PBXTargetDependency;
			target = CA1911FB2800C4FA003E1126 /* ios-too-simple */;
			targetProxy = CA19121C2800C4FB003E1126 /* PBXContainerItemProxy */;
		};
		CA7E289C28206DE30017D44E /* PBXTargetDependency */ = {
			isa = PBXTargetDependency;
			target = CA7E288B28206DE20017D44E /* ts-widgetExtension */;
			targetProxy = CA7E289B28206DE30017D44E /* PBXContainerItemProxy */;
		};
/* End PBXTargetDependency section */

/* Begin XCBuildConfiguration section */
		CA1912232800C4FB003E1126 /* Debug */ = {
			isa = XCBuildConfiguration;
			buildSettings = {
				ALWAYS_SEARCH_USER_PATHS = NO;
				CLANG_ANALYZER_NONNULL = YES;
				CLANG_ANALYZER_NUMBER_OBJECT_CONVERSION = YES_AGGRESSIVE;
				CLANG_CXX_LANGUAGE_STANDARD = "gnu++17";
				CLANG_ENABLE_MODULES = YES;
				CLANG_ENABLE_OBJC_ARC = YES;
				CLANG_ENABLE_OBJC_WEAK = YES;
				CLANG_WARN_BLOCK_CAPTURE_AUTORELEASING = YES;
				CLANG_WARN_BOOL_CONVERSION = YES;
				CLANG_WARN_COMMA = YES;
				CLANG_WARN_CONSTANT_CONVERSION = YES;
				CLANG_WARN_DEPRECATED_OBJC_IMPLEMENTATIONS = YES;
				CLANG_WARN_DIRECT_OBJC_ISA_USAGE = YES_ERROR;
				CLANG_WARN_DOCUMENTATION_COMMENTS = YES;
				CLANG_WARN_EMPTY_BODY = YES;
				CLANG_WARN_ENUM_CONVERSION = YES;
				CLANG_WARN_INFINITE_RECURSION = YES;
				CLANG_WARN_INT_CONVERSION = YES;
				CLANG_WARN_NON_LITERAL_NULL_CONVERSION = YES;
				CLANG_WARN_OBJC_IMPLICIT_RETAIN_SELF = YES;
				CLANG_WARN_OBJC_LITERAL_CONVERSION = YES;
				CLANG_WARN_OBJC_ROOT_CLASS = YES_ERROR;
				CLANG_WARN_QUOTED_INCLUDE_IN_FRAMEWORK_HEADER = YES;
				CLANG_WARN_RANGE_LOOP_ANALYSIS = YES;
				CLANG_WARN_STRICT_PROTOTYPES = YES;
				CLANG_WARN_SUSPICIOUS_MOVE = YES;
				CLANG_WARN_UNGUARDED_AVAILABILITY = YES_AGGRESSIVE;
				CLANG_WARN_UNREACHABLE_CODE = YES;
				CLANG_WARN__DUPLICATE_METHOD_MATCH = YES;
				COPY_PHASE_STRIP = NO;
				DEBUG_INFORMATION_FORMAT = dwarf;
				ENABLE_STRICT_OBJC_MSGSEND = YES;
				ENABLE_TESTABILITY = YES;
				GCC_C_LANGUAGE_STANDARD = gnu11;
				GCC_DYNAMIC_NO_PIC = NO;
				GCC_NO_COMMON_BLOCKS = YES;
				GCC_OPTIMIZATION_LEVEL = 0;
				GCC_PREPROCESSOR_DEFINITIONS = (
					"DEBUG=1",
					"$(inherited)",
				);
				GCC_WARN_64_TO_32_BIT_CONVERSION = YES;
				GCC_WARN_ABOUT_RETURN_TYPE = YES_ERROR;
				GCC_WARN_UNDECLARED_SELECTOR = YES;
				GCC_WARN_UNINITIALIZED_AUTOS = YES_AGGRESSIVE;
				GCC_WARN_UNUSED_FUNCTION = YES;
				GCC_WARN_UNUSED_VARIABLE = YES;
				IPHONEOS_DEPLOYMENT_TARGET = 15.4;
				MTL_ENABLE_DEBUG_INFO = INCLUDE_SOURCE;
				MTL_FAST_MATH = YES;
				ONLY_ACTIVE_ARCH = YES;
				SDKROOT = iphoneos;
				SWIFT_ACTIVE_COMPILATION_CONDITIONS = DEBUG;
				SWIFT_OPTIMIZATION_LEVEL = "-Onone";
			};
			name = Debug;
		};
		CA1912242800C4FB003E1126 /* Release */ = {
			isa = XCBuildConfiguration;
			buildSettings = {
				ALWAYS_SEARCH_USER_PATHS = NO;
				CLANG_ANALYZER_NONNULL = YES;
				CLANG_ANALYZER_NUMBER_OBJECT_CONVERSION = YES_AGGRESSIVE;
				CLANG_CXX_LANGUAGE_STANDARD = "gnu++17";
				CLANG_ENABLE_MODULES = YES;
				CLANG_ENABLE_OBJC_ARC = YES;
				CLANG_ENABLE_OBJC_WEAK = YES;
				CLANG_WARN_BLOCK_CAPTURE_AUTORELEASING = YES;
				CLANG_WARN_BOOL_CONVERSION = YES;
				CLANG_WARN_COMMA = YES;
				CLANG_WARN_CONSTANT_CONVERSION = YES;
				CLANG_WARN_DEPRECATED_OBJC_IMPLEMENTATIONS = YES;
				CLANG_WARN_DIRECT_OBJC_ISA_USAGE = YES_ERROR;
				CLANG_WARN_DOCUMENTATION_COMMENTS = YES;
				CLANG_WARN_EMPTY_BODY = YES;
				CLANG_WARN_ENUM_CONVERSION = YES;
				CLANG_WARN_INFINITE_RECURSION = YES;
				CLANG_WARN_INT_CONVERSION = YES;
				CLANG_WARN_NON_LITERAL_NULL_CONVERSION = YES;
				CLANG_WARN_OBJC_IMPLICIT_RETAIN_SELF = YES;
				CLANG_WARN_OBJC_LITERAL_CONVERSION = YES;
				CLANG_WARN_OBJC_ROOT_CLASS = YES_ERROR;
				CLANG_WARN_QUOTED_INCLUDE_IN_FRAMEWORK_HEADER = YES;
				CLANG_WARN_RANGE_LOOP_ANALYSIS = YES;
				CLANG_WARN_STRICT_PROTOTYPES = YES;
				CLANG_WARN_SUSPICIOUS_MOVE = YES;
				CLANG_WARN_UNGUARDED_AVAILABILITY = YES_AGGRESSIVE;
				CLANG_WARN_UNREACHABLE_CODE = YES;
				CLANG_WARN__DUPLICATE_METHOD_MATCH = YES;
				COPY_PHASE_STRIP = NO;
				DEBUG_INFORMATION_FORMAT = "dwarf-with-dsym";
				ENABLE_NS_ASSERTIONS = NO;
				ENABLE_STRICT_OBJC_MSGSEND = YES;
				GCC_C_LANGUAGE_STANDARD = gnu11;
				GCC_NO_COMMON_BLOCKS = YES;
				GCC_WARN_64_TO_32_BIT_CONVERSION = YES;
				GCC_WARN_ABOUT_RETURN_TYPE = YES_ERROR;
				GCC_WARN_UNDECLARED_SELECTOR = YES;
				GCC_WARN_UNINITIALIZED_AUTOS = YES_AGGRESSIVE;
				GCC_WARN_UNUSED_FUNCTION = YES;
				GCC_WARN_UNUSED_VARIABLE = YES;
				IPHONEOS_DEPLOYMENT_TARGET = 15.4;
				MTL_ENABLE_DEBUG_INFO = NO;
				MTL_FAST_MATH = YES;
				SDKROOT = iphoneos;
				SWIFT_COMPILATION_MODE = wholemodule;
				SWIFT_OPTIMIZATION_LEVEL = "-O";
				VALIDATE_PRODUCT = YES;
			};
			name = Release;
		};
		CA1912262800C4FB003E1126 /* Debug */ = {
			isa = XCBuildConfiguration;
			buildSettings = {
				ALWAYS_EMBED_SWIFT_STANDARD_LIBRARIES = YES;
				ASSETCATALOG_COMPILER_APPICON_NAME = AppIcon;
				ASSETCATALOG_COMPILER_GLOBAL_ACCENT_COLOR_NAME = AccentColor;
				CODE_SIGN_STYLE = Automatic;
				CURRENT_PROJECT_VERSION = 1;
				DEVELOPMENT_ASSET_PATHS = "\"ios-too-simple/Preview Content\"";
				DEVELOPMENT_TEAM = DJNLLPHUQ5;
				ENABLE_PREVIEWS = YES;
				GENERATE_INFOPLIST_FILE = YES;
				INFOPLIST_FILE = "ios-too-simple/Info.plist";
				INFOPLIST_KEY_CFBundleDisplayName = "Too Simple";
				INFOPLIST_KEY_UIApplicationSceneManifest_Generation = YES;
				INFOPLIST_KEY_UIApplicationSupportsIndirectInputEvents = YES;
				INFOPLIST_KEY_UILaunchScreen_Generation = YES;
				INFOPLIST_KEY_UISupportedInterfaceOrientations_iPad = "UIInterfaceOrientationPortrait UIInterfaceOrientationPortraitUpsideDown UIInterfaceOrientationLandscapeLeft UIInterfaceOrientationLandscapeRight";
				INFOPLIST_KEY_UISupportedInterfaceOrientations_iPhone = "UIInterfaceOrientationPortrait UIInterfaceOrientationLandscapeLeft UIInterfaceOrientationLandscapeRight";
				LD_RUNPATH_SEARCH_PATHS = (
					"$(inherited)",
					"@executable_path/Frameworks",
				);
				MARKETING_VERSION = 1.0;
				PRODUCT_BUNDLE_IDENTIFIER = "com.brandycake.ios-too-simple";
				PRODUCT_NAME = "$(TARGET_NAME)";
				SWIFT_EMIT_LOC_STRINGS = YES;
				SWIFT_VERSION = 5.0;
				TARGETED_DEVICE_FAMILY = "1,2";
			};
			name = Debug;
		};
		CA1912272800C4FB003E1126 /* Release */ = {
			isa = XCBuildConfiguration;
			buildSettings = {
				ALWAYS_EMBED_SWIFT_STANDARD_LIBRARIES = YES;
				ASSETCATALOG_COMPILER_APPICON_NAME = AppIcon;
				ASSETCATALOG_COMPILER_GLOBAL_ACCENT_COLOR_NAME = AccentColor;
				CODE_SIGN_STYLE = Automatic;
				CURRENT_PROJECT_VERSION = 1;
				DEVELOPMENT_ASSET_PATHS = "\"ios-too-simple/Preview Content\"";
				DEVELOPMENT_TEAM = DJNLLPHUQ5;
				ENABLE_PREVIEWS = YES;
				GENERATE_INFOPLIST_FILE = YES;
				INFOPLIST_FILE = "ios-too-simple/Info.plist";
				INFOPLIST_KEY_CFBundleDisplayName = "Too Simple";
				INFOPLIST_KEY_UIApplicationSceneManifest_Generation = YES;
				INFOPLIST_KEY_UIApplicationSupportsIndirectInputEvents = YES;
				INFOPLIST_KEY_UILaunchScreen_Generation = YES;
				INFOPLIST_KEY_UISupportedInterfaceOrientations_iPad = "UIInterfaceOrientationPortrait UIInterfaceOrientationPortraitUpsideDown UIInterfaceOrientationLandscapeLeft UIInterfaceOrientationLandscapeRight";
				INFOPLIST_KEY_UISupportedInterfaceOrientations_iPhone = "UIInterfaceOrientationPortrait UIInterfaceOrientationLandscapeLeft UIInterfaceOrientationLandscapeRight";
				LD_RUNPATH_SEARCH_PATHS = (
					"$(inherited)",
					"@executable_path/Frameworks",
				);
				MARKETING_VERSION = 1.0;
				PRODUCT_BUNDLE_IDENTIFIER = "com.brandycake.ios-too-simple";
				PRODUCT_NAME = "$(TARGET_NAME)";
				SWIFT_EMIT_LOC_STRINGS = YES;
				SWIFT_VERSION = 5.0;
				TARGETED_DEVICE_FAMILY = "1,2";
			};
			name = Release;
		};
		CA1912292800C4FB003E1126 /* Debug */ = {
			isa = XCBuildConfiguration;
			buildSettings = {
				ALWAYS_EMBED_SWIFT_STANDARD_LIBRARIES = YES;
				BUNDLE_LOADER = "$(TEST_HOST)";
				CODE_SIGN_STYLE = Automatic;
				CURRENT_PROJECT_VERSION = 1;
				DEVELOPMENT_TEAM = DJNLLPHUQ5;
				GENERATE_INFOPLIST_FILE = YES;
				IPHONEOS_DEPLOYMENT_TARGET = 15.4;
				MARKETING_VERSION = 1.0;
				PRODUCT_BUNDLE_IDENTIFIER = "com.brandycake.ios-too-simpleTests";
				PRODUCT_NAME = "$(TARGET_NAME)";
				SWIFT_EMIT_LOC_STRINGS = NO;
				SWIFT_VERSION = 5.0;
				TARGETED_DEVICE_FAMILY = "1,2";
				TEST_HOST = "$(BUILT_PRODUCTS_DIR)/ios-too-simple.app/ios-too-simple";
			};
			name = Debug;
		};
		CA19122A2800C4FB003E1126 /* Release */ = {
			isa = XCBuildConfiguration;
			buildSettings = {
				ALWAYS_EMBED_SWIFT_STANDARD_LIBRARIES = YES;
				BUNDLE_LOADER = "$(TEST_HOST)";
				CODE_SIGN_STYLE = Automatic;
				CURRENT_PROJECT_VERSION = 1;
				DEVELOPMENT_TEAM = DJNLLPHUQ5;
				GENERATE_INFOPLIST_FILE = YES;
				IPHONEOS_DEPLOYMENT_TARGET = 15.4;
				MARKETING_VERSION = 1.0;
				PRODUCT_BUNDLE_IDENTIFIER = "com.brandycake.ios-too-simpleTests";
				PRODUCT_NAME = "$(TARGET_NAME)";
				SWIFT_EMIT_LOC_STRINGS = NO;
				SWIFT_VERSION = 5.0;
				TARGETED_DEVICE_FAMILY = "1,2";
				TEST_HOST = "$(BUILT_PRODUCTS_DIR)/ios-too-simple.app/ios-too-simple";
			};
			name = Release;
		};
		CA19122C2800C4FB003E1126 /* Debug */ = {
			isa = XCBuildConfiguration;
			buildSettings = {
				ALWAYS_EMBED_SWIFT_STANDARD_LIBRARIES = YES;
				CODE_SIGN_STYLE = Automatic;
				CURRENT_PROJECT_VERSION = 1;
				DEVELOPMENT_TEAM = DJNLLPHUQ5;
				GENERATE_INFOPLIST_FILE = YES;
				MARKETING_VERSION = 1.0;
				PRODUCT_BUNDLE_IDENTIFIER = "com.brandycake.ios-too-simpleUITests";
				PRODUCT_NAME = "$(TARGET_NAME)";
				SWIFT_EMIT_LOC_STRINGS = NO;
				SWIFT_VERSION = 5.0;
				TARGETED_DEVICE_FAMILY = "1,2";
				TEST_TARGET_NAME = "ios-too-simple";
			};
			name = Debug;
		};
		CA19122D2800C4FB003E1126 /* Release */ = {
			isa = XCBuildConfiguration;
			buildSettings = {
				ALWAYS_EMBED_SWIFT_STANDARD_LIBRARIES = YES;
				CODE_SIGN_STYLE = Automatic;
				CURRENT_PROJECT_VERSION = 1;
				DEVELOPMENT_TEAM = DJNLLPHUQ5;
				GENERATE_INFOPLIST_FILE = YES;
				MARKETING_VERSION = 1.0;
				PRODUCT_BUNDLE_IDENTIFIER = "com.brandycake.ios-too-simpleUITests";
				PRODUCT_NAME = "$(TARGET_NAME)";
				SWIFT_EMIT_LOC_STRINGS = NO;
				SWIFT_VERSION = 5.0;
				TARGETED_DEVICE_FAMILY = "1,2";
				TEST_TARGET_NAME = "ios-too-simple";
			};
			name = Release;
		};
		CA7E289F28206DE30017D44E /* Debug */ = {
			isa = XCBuildConfiguration;
			buildSettings = {
				ASSETCATALOG_COMPILER_GLOBAL_ACCENT_COLOR_NAME = AccentColor;
				ASSETCATALOG_COMPILER_WIDGET_BACKGROUND_COLOR_NAME = WidgetBackground;
				CODE_SIGN_STYLE = Automatic;
				CURRENT_PROJECT_VERSION = 1;
				DEVELOPMENT_TEAM = DJNLLPHUQ5;
				GENERATE_INFOPLIST_FILE = YES;
				INFOPLIST_FILE = "ts-widget/Info.plist";
				INFOPLIST_KEY_CFBundleDisplayName = "ts-widget";
				INFOPLIST_KEY_NSHumanReadableCopyright = "";
				LD_RUNPATH_SEARCH_PATHS = (
					"$(inherited)",
					"@executable_path/Frameworks",
					"@executable_path/../../Frameworks",
				);
				MARKETING_VERSION = 1.0;
				PRODUCT_BUNDLE_IDENTIFIER = "com.brandycake.ios-too-simple.ts-widget";
				PRODUCT_NAME = "$(TARGET_NAME)";
				SKIP_INSTALL = YES;
				SWIFT_EMIT_LOC_STRINGS = YES;
				SWIFT_VERSION = 5.0;
				TARGETED_DEVICE_FAMILY = "1,2";
			};
			name = Debug;
		};
		CA7E28A028206DE30017D44E /* Release */ = {
			isa = XCBuildConfiguration;
			buildSettings = {
				ASSETCATALOG_COMPILER_GLOBAL_ACCENT_COLOR_NAME = AccentColor;
				ASSETCATALOG_COMPILER_WIDGET_BACKGROUND_COLOR_NAME = WidgetBackground;
				CODE_SIGN_STYLE = Automatic;
				CURRENT_PROJECT_VERSION = 1;
				DEVELOPMENT_TEAM = DJNLLPHUQ5;
				GENERATE_INFOPLIST_FILE = YES;
				INFOPLIST_FILE = "ts-widget/Info.plist";
				INFOPLIST_KEY_CFBundleDisplayName = "ts-widget";
				INFOPLIST_KEY_NSHumanReadableCopyright = "";
				LD_RUNPATH_SEARCH_PATHS = (
					"$(inherited)",
					"@executable_path/Frameworks",
					"@executable_path/../../Frameworks",
				);
				MARKETING_VERSION = 1.0;
				PRODUCT_BUNDLE_IDENTIFIER = "com.brandycake.ios-too-simple.ts-widget";
				PRODUCT_NAME = "$(TARGET_NAME)";
				SKIP_INSTALL = YES;
				SWIFT_EMIT_LOC_STRINGS = YES;
				SWIFT_VERSION = 5.0;
				TARGETED_DEVICE_FAMILY = "1,2";
			};
			name = Release;
		};
/* End XCBuildConfiguration section */

/* Begin XCConfigurationList section */
		CA1911F72800C4FA003E1126 /* Build configuration list for PBXProject "ios-too-simple" */ = {
			isa = XCConfigurationList;
			buildConfigurations = (
				CA1912232800C4FB003E1126 /* Debug */,
				CA1912242800C4FB003E1126 /* Release */,
			);
			defaultConfigurationIsVisible = 0;
			defaultConfigurationName = Release;
		};
		CA1912252800C4FB003E1126 /* Build configuration list for PBXNativeTarget "ios-too-simple" */ = {
			isa = XCConfigurationList;
			buildConfigurations = (
				CA1912262800C4FB003E1126 /* Debug */,
				CA1912272800C4FB003E1126 /* Release */,
			);
			defaultConfigurationIsVisible = 0;
			defaultConfigurationName = Release;
		};
		CA1912282800C4FB003E1126 /* Build configuration list for PBXNativeTarget "ios-too-simpleTests" */ = {
			isa = XCConfigurationList;
			buildConfigurations = (
				CA1912292800C4FB003E1126 /* Debug */,
				CA19122A2800C4FB003E1126 /* Release */,
			);
			defaultConfigurationIsVisible = 0;
			defaultConfigurationName = Release;
		};
		CA19122B2800C4FB003E1126 /* Build configuration list for PBXNativeTarget "ios-too-simpleUITests" */ = {
			isa = XCConfigurationList;
			buildConfigurations = (
				CA19122C2800C4FB003E1126 /* Debug */,
				CA19122D2800C4FB003E1126 /* Release */,
			);
			defaultConfigurationIsVisible = 0;
			defaultConfigurationName = Release;
		};
		CA7E289E28206DE30017D44E /* Build configuration list for PBXNativeTarget "ts-widgetExtension" */ = {
			isa = XCConfigurationList;
			buildConfigurations = (
				CA7E289F28206DE30017D44E /* Debug */,
				CA7E28A028206DE30017D44E /* Release */,
			);
			defaultConfigurationIsVisible = 0;
			defaultConfigurationName = Release;
		};
/* End XCConfigurationList section */

/* Begin XCRemoteSwiftPackageReference section */
		CA535B09285D1B3500DEA841 /* XCRemoteSwiftPackageReference "AlertToast" */ = {
			isa = XCRemoteSwiftPackageReference;
			repositoryURL = "https://github.com/elai950/AlertToast.git";
			requirement = {
				kind = upToNextMajorVersion;
				minimumVersion = 1.0.0;
			};
		};
		CAB4BE23282C4D580026301D /* XCRemoteSwiftPackageReference "plaid-link-ios" */ = {
			isa = XCRemoteSwiftPackageReference;
			repositoryURL = "https://github.com/plaid/plaid-link-ios";
			requirement = {
				kind = upToNextMajorVersion;
				minimumVersion = 3.0.0;
			};
		};
		CAD138DF2807449B000077B6 /* XCRemoteSwiftPackageReference "JWTDecode.swift" */ = {
			isa = XCRemoteSwiftPackageReference;
			repositoryURL = "https://github.com/auth0/JWTDecode.swift.git";
			requirement = {
				kind = upToNextMajorVersion;
				minimumVersion = 2.0.0;
			};
		};
/* End XCRemoteSwiftPackageReference section */

/* Begin XCSwiftPackageProductDependency section */
		CA535B0A285D1B3500DEA841 /* AlertToast */ = {
			isa = XCSwiftPackageProductDependency;
			package = CA535B09285D1B3500DEA841 /* XCRemoteSwiftPackageReference "AlertToast" */;
			productName = AlertToast;
		};
		CAB4BE24282C4D580026301D /* LinkKit */ = {
			isa = XCSwiftPackageProductDependency;
			package = CAB4BE23282C4D580026301D /* XCRemoteSwiftPackageReference "plaid-link-ios" */;
			productName = LinkKit;
		};
		CAD138E02807449B000077B6 /* JWTDecode */ = {
			isa = XCSwiftPackageProductDependency;
			package = CAD138DF2807449B000077B6 /* XCRemoteSwiftPackageReference "JWTDecode.swift" */;
			productName = JWTDecode;
		};
/* End XCSwiftPackageProductDependency section */

/* Begin XCVersionGroup section */
		CA19120A2800C4FB003E1126 /* ios_too_simple.xcdatamodeld */ = {
			isa = XCVersionGroup;
			children = (
				CA19120B2800C4FB003E1126 /* ios_too_simple.xcdatamodel */,
			);
			currentVersion = CA19120B2800C4FB003E1126 /* ios_too_simple.xcdatamodel */;
			path = ios_too_simple.xcdatamodeld;
			sourceTree = "<group>";
			versionGroupType = wrapper.xcdatamodel;
		};
/* End XCVersionGroup section */
	};
	rootObject = CA1911F42800C4FA003E1126 /* Project object */;
}
